# THIS IS AN AUTOGENERATED FILE. DO NOT EDIT THIS FILE DIRECTLY.
# yarn lockfile v1


atom-select-list@^0.8.0:
  version "0.8.0"
  resolved "https://registry.yarnpkg.com/atom-select-list/-/atom-select-list-0.8.0.tgz#671ae86345a96081779ac030ae836d5862a923cf"
  integrity sha512-LZBLl2Mn0ov/CfUV+INrfENQVVdfdXvdB4MGvmvM28Rsm/ViVAuVMjNotvZKVCo5Jm53s/Ixd8K1deQV2WHcxA==
  dependencies:
    etch "^0.14.0"
    fuzzaldrin "^2.1.0"

etch@^0.14.0:
  version "0.14.1"
  resolved "https://registry.yarnpkg.com/etch/-/etch-0.14.1.tgz#48286244c9fc44a9bb097a433a561fb1da6b58c9"
  integrity sha512-+IwqSDBhaQFMUHJu4L/ir0dhDoW5IIihg4Z9lzsIxxne8V0PlSg0gnk2STaKWjGJQnDR4cxpA+a/dORX9kycTA==

fuzzaldrin@^2.1.0:
  version "2.1.0"
  resolved "https://registry.yarnpkg.com/fuzzaldrin/-/fuzzaldrin-2.1.0.tgz#90204c3e2fdaa6941bb28d16645d418063a90e9b"
  integrity sha1-kCBMPi/appQbso0WZF1BgGOpDps=
